
Microsoft Visual Studio Solution File, Format Version 12.00
# Visual Studio Version 17
VisualStudioVersion = 17.1.32414.318
MinimumVisualStudioVersion = 10.0.40219.1
Project("{9A19103F-16F7-4668-BE54-9A1E7A4F7556}") = "Mnk.Library.Common", "Common\Mnk.Library.Common.csproj", "{B31E5C48-0863-473C-937A-363D9F5D36C8}"
EndProject
Project("{9A19103F-16F7-4668-BE54-9A1E7A4F7556}") = "Mnk.Library.Localization", "LibsLocalization\Mnk.Library.Localization.csproj", "{E9990049-B8DB-4CC4-B22D-823D400633C0}"
EndProject
Project("{9A19103F-16F7-4668-BE54-9A1E7A4F7556}") = "Mnk.Library.ScriptEngine", "ScriptEngine\Mnk.Library.ScriptEngine.csproj", "{D1313F72-4F78-4CD1-852C-2ED0929A1AF7}"
EndProject
Project("{9A19103F-16F7-4668-BE54-9A1E7A4F7556}") = "Mnk.Library.WpfControls", "WpfControls\Mnk.Library.WpfControls.csproj", "{6C4F391F-69BD-44B0-BC18-99414493A885}"
EndProject
Project("{9A19103F-16F7-4668-BE54-9A1E7A4F7556}") = "Mnk.Library.WpfSyntaxHighlighter", "WpfSyntaxHighlighter\Mnk.Library.WpfSyntaxHighlighter.csproj", "{8A2CF1DC-BCD6-4A63-8CF7-B9EA4F297ACD}"
EndProject
Project("{9A19103F-16F7-4668-BE54-9A1E7A4F7556}") = "Mnk.Library.Tests", "Library.Tests\Mnk.Library.Tests.csproj", "{CCA6200F-9B7D-4115-B375-AA493F5EF5C7}"
EndProject
Project("{9A19103F-16F7-4668-BE54-9A1E7A4F7556}") = "Mnk.Library.CodePlex", "CodePlex\Mnk.Library.CodePlex.csproj", "{E100F6D7-ECC7-4046-8EE6-862F3EB9D94A}"
EndProject
Project("{2150E333-8FDC-42A3-9474-1A3956D46DE8}") = "Tests", "Tests", "{B947B219-FD8A-46F1-A754-7D8E4805B838}"
EndProject
Project("{9A19103F-16F7-4668-BE54-9A1E7A4F7556}") = "Mnk.Library.IU.Example", "IUExample\Mnk.Library.IU.Example.csproj", "{F3F0A070-8FB7-4A38-9824-E1DD672DD850}"
EndProject
Project("{9A19103F-16F7-4668-BE54-9A1E7A4F7556}") = "Mnk.Library.Interprocess", "Interprocess\Mnk.Library.Interprocess.csproj", "{336AE8C6-5E8A-461E-A01D-BDBA5EBF9372}"
EndProject
Global
	GlobalSection(SolutionConfigurationPlatforms) = preSolution
		Debug|Any CPU = Debug|Any CPU
		Debug|Mixed Platforms = Debug|Mixed Platforms
		Debug|x86 = Debug|x86
		Release|Any CPU = Release|Any CPU
		Release|Mixed Platforms = Release|Mixed Platforms
		Release|x86 = Release|x86
	EndGlobalSection
	GlobalSection(ProjectConfigurationPlatforms) = postSolution
		{B31E5C48-0863-473C-937A-363D9F5D36C8}.Debug|Any CPU.ActiveCfg = Debug|Any CPU
		{B31E5C48-0863-473C-937A-363D9F5D36C8}.Debug|Any CPU.Build.0 = Debug|Any CPU
		{B31E5C48-0863-473C-937A-363D9F5D36C8}.Debug|Mixed Platforms.ActiveCfg = Debug|Any CPU
		{B31E5C48-0863-473C-937A-363D9F5D36C8}.Debug|Mixed Platforms.Build.0 = Debug|Any CPU
		{B31E5C48-0863-473C-937A-363D9F5D36C8}.Debug|x86.ActiveCfg = Debug|Any CPU
		{B31E5C48-0863-473C-937A-363D9F5D36C8}.Release|Any CPU.ActiveCfg = Release|Any CPU
		{B31E5C48-0863-473C-937A-363D9F5D36C8}.Release|Any CPU.Build.0 = Release|Any CPU
		{B31E5C48-0863-473C-937A-363D9F5D36C8}.Release|Mixed Platforms.ActiveCfg = Release|Any CPU
		{B31E5C48-0863-473C-937A-363D9F5D36C8}.Release|Mixed Platforms.Build.0 = Release|Any CPU
		{B31E5C48-0863-473C-937A-363D9F5D36C8}.Release|x86.ActiveCfg = Release|Any CPU
		{E9990049-B8DB-4CC4-B22D-823D400633C0}.Debug|Any CPU.ActiveCfg = Debug|Any CPU
		{E9990049-B8DB-4CC4-B22D-823D400633C0}.Debug|Any CPU.Build.0 = Debug|Any CPU
		{E9990049-B8DB-4CC4-B22D-823D400633C0}.Debug|Mixed Platforms.ActiveCfg = Debug|Any CPU
		{E9990049-B8DB-4CC4-B22D-823D400633C0}.Debug|Mixed Platforms.Build.0 = Debug|Any CPU
		{E9990049-B8DB-4CC4-B22D-823D400633C0}.Debug|x86.ActiveCfg = Debug|Any CPU
		{E9990049-B8DB-4CC4-B22D-823D400633C0}.Release|Any CPU.ActiveCfg = Release|Any CPU
		{E9990049-B8DB-4CC4-B22D-823D400633C0}.Release|Any CPU.Build.0 = Release|Any CPU
		{E9990049-B8DB-4CC4-B22D-823D400633C0}.Release|Mixed Platforms.ActiveCfg = Release|Any CPU
		{E9990049-B8DB-4CC4-B22D-823D400633C0}.Release|Mixed Platforms.Build.0 = Release|Any CPU
		{E9990049-B8DB-4CC4-B22D-823D400633C0}.Release|x86.ActiveCfg = Release|Any CPU
		{D1313F72-4F78-4CD1-852C-2ED0929A1AF7}.Debug|Any CPU.ActiveCfg = Debug|Any CPU
		{D1313F72-4F78-4CD1-852C-2ED0929A1AF7}.Debug|Any CPU.Build.0 = Debug|Any CPU
		{D1313F72-4F78-4CD1-852C-2ED0929A1AF7}.Debug|Mixed Platforms.ActiveCfg = Debug|Any CPU
		{D1313F72-4F78-4CD1-852C-2ED0929A1AF7}.Debug|Mixed Platforms.Build.0 = Debug|Any CPU
		{D1313F72-4F78-4CD1-852C-2ED0929A1AF7}.Debug|x86.ActiveCfg = Debug|Any CPU
		{D1313F72-4F78-4CD1-852C-2ED0929A1AF7}.Release|Any CPU.ActiveCfg = Release|Any CPU
		{D1313F72-4F78-4CD1-852C-2ED0929A1AF7}.Release|Any CPU.Build.0 = Release|Any CPU
		{D1313F72-4F78-4CD1-852C-2ED0929A1AF7}.Release|Mixed Platforms.ActiveCfg = Release|Any CPU
		{D1313F72-4F78-4CD1-852C-2ED0929A1AF7}.Release|Mixed Platforms.Build.0 = Release|Any CPU
		{D1313F72-4F78-4CD1-852C-2ED0929A1AF7}.Release|x86.ActiveCfg = Release|Any CPU
		{6C4F391F-69BD-44B0-BC18-99414493A885}.Debug|Any CPU.ActiveCfg = Debug|Any CPU
		{6C4F391F-69BD-44B0-BC18-99414493A885}.Debug|Any CPU.Build.0 = Debug|Any CPU
		{6C4F391F-69BD-44B0-BC18-99414493A885}.Debug|Mixed Platforms.ActiveCfg = Debug|Any CPU
		{6C4F391F-69BD-44B0-BC18-99414493A885}.Debug|Mixed Platforms.Build.0 = Debug|Any CPU
		{6C4F391F-69BD-44B0-BC18-99414493A885}.Debug|x86.ActiveCfg = Debug|Any CPU
		{6C4F391F-69BD-44B0-BC18-99414493A885}.Release|Any CPU.ActiveCfg = Release|Any CPU
		{6C4F391F-69BD-44B0-BC18-99414493A885}.Release|Any CPU.Build.0 = Release|Any CPU
		{6C4F391F-69BD-44B0-BC18-99414493A885}.Release|Mixed Platforms.ActiveCfg = Release|Any CPU
		{6C4F391F-69BD-44B0-BC18-99414493A885}.Release|Mixed Platforms.Build.0 = Release|Any CPU
		{6C4F391F-69BD-44B0-BC18-99414493A885}.Release|x86.ActiveCfg = Release|Any CPU
		{8A2CF1DC-BCD6-4A63-8CF7-B9EA4F297ACD}.Debug|Any CPU.ActiveCfg = Debug|Any CPU
		{8A2CF1DC-BCD6-4A63-8CF7-B9EA4F297ACD}.Debug|Any CPU.Build.0 = Debug|Any CPU
		{8A2CF1DC-BCD6-4A63-8CF7-B9EA4F297ACD}.Debug|Mixed Platforms.ActiveCfg = Debug|Any CPU
		{8A2CF1DC-BCD6-4A63-8CF7-B9EA4F297ACD}.Debug|Mixed Platforms.Build.0 = Debug|Any CPU
		{8A2CF1DC-BCD6-4A63-8CF7-B9EA4F297ACD}.Debug|x86.ActiveCfg = Debug|Any CPU
		{8A2CF1DC-BCD6-4A63-8CF7-B9EA4F297ACD}.Release|Any CPU.ActiveCfg = Release|Any CPU
		{8A2CF1DC-BCD6-4A63-8CF7-B9EA4F297ACD}.Release|Any CPU.Build.0 = Release|Any CPU
		{8A2CF1DC-BCD6-4A63-8CF7-B9EA4F297ACD}.Release|Mixed Platforms.ActiveCfg = Release|Any CPU
		{8A2CF1DC-BCD6-4A63-8CF7-B9EA4F297ACD}.Release|Mixed Platforms.Build.0 = Release|Any CPU
		{8A2CF1DC-BCD6-4A63-8CF7-B9EA4F297ACD}.Release|x86.ActiveCfg = Release|Any CPU
		{CCA6200F-9B7D-4115-B375-AA493F5EF5C7}.Debug|Any CPU.ActiveCfg = Debug|Any CPU
		{CCA6200F-9B7D-4115-B375-AA493F5EF5C7}.Debug|Any CPU.Build.0 = Debug|Any CPU
		{CCA6200F-9B7D-4115-B375-AA493F5EF5C7}.Debug|Mixed Platforms.ActiveCfg = Debug|Any CPU
		{CCA6200F-9B7D-4115-B375-AA493F5EF5C7}.Debug|Mixed Platforms.Build.0 = Debug|Any CPU
		{CCA6200F-9B7D-4115-B375-AA493F5EF5C7}.Debug|x86.ActiveCfg = Debug|Any CPU
		{CCA6200F-9B7D-4115-B375-AA493F5EF5C7}.Release|Any CPU.ActiveCfg = Release|Any CPU
		{CCA6200F-9B7D-4115-B375-AA493F5EF5C7}.Release|Any CPU.Build.0 = Release|Any CPU
		{CCA6200F-9B7D-4115-B375-AA493F5EF5C7}.Release|Mixed Platforms.ActiveCfg = Release|Any CPU
		{CCA6200F-9B7D-4115-B375-AA493F5EF5C7}.Release|Mixed Platforms.Build.0 = Release|Any CPU
		{CCA6200F-9B7D-4115-B375-AA493F5EF5C7}.Release|x86.ActiveCfg = Release|Any CPU
		{E100F6D7-ECC7-4046-8EE6-862F3EB9D94A}.Debug|Any CPU.ActiveCfg = Debug|Any CPU
		{E100F6D7-ECC7-4046-8EE6-862F3EB9D94A}.Debug|Any CPU.Build.0 = Debug|Any CPU
		{E100F6D7-ECC7-4046-8EE6-862F3EB9D94A}.Debug|Mixed Platforms.ActiveCfg = Debug|Any CPU
		{E100F6D7-ECC7-4046-8EE6-862F3EB9D94A}.Debug|Mixed Platforms.Build.0 = Debug|Any CPU
		{E100F6D7-ECC7-4046-8EE6-862F3EB9D94A}.Debug|x86.ActiveCfg = Debug|Any CPU
		{E100F6D7-ECC7-4046-8EE6-862F3EB9D94A}.Release|Any CPU.ActiveCfg = Release|Any CPU
		{E100F6D7-ECC7-4046-8EE6-862F3EB9D94A}.Release|Any CPU.Build.0 = Release|Any CPU
		{E100F6D7-ECC7-4046-8EE6-862F3EB9D94A}.Release|Mixed Platforms.ActiveCfg = Release|Any CPU
		{E100F6D7-ECC7-4046-8EE6-862F3EB9D94A}.Release|Mixed Platforms.Build.0 = Release|Any CPU
		{E100F6D7-ECC7-4046-8EE6-862F3EB9D94A}.Release|x86.ActiveCfg = Release|Any CPU
		{F3F0A070-8FB7-4A38-9824-E1DD672DD850}.Debug|Any CPU.ActiveCfg = Debug|Any CPU
		{F3F0A070-8FB7-4A38-9824-E1DD672DD850}.Debug|Any CPU.Build.0 = Debug|Any CPU
		{F3F0A070-8FB7-4A38-9824-E1DD672DD850}.Debug|Mixed Platforms.ActiveCfg = Debug|Any CPU
		{F3F0A070-8FB7-4A38-9824-E1DD672DD850}.Debug|Mixed Platforms.Build.0 = Debug|Any CPU
		{F3F0A070-8FB7-4A38-9824-E1DD672DD850}.Debug|x86.ActiveCfg = Debug|Any CPU
		{F3F0A070-8FB7-4A38-9824-E1DD672DD850}.Release|Any CPU.ActiveCfg = Release|Any CPU
		{F3F0A070-8FB7-4A38-9824-E1DD672DD850}.Release|Any CPU.Build.0 = Release|Any CPU
		{F3F0A070-8FB7-4A38-9824-E1DD672DD850}.Release|Mixed Platforms.ActiveCfg = Release|Any CPU
		{F3F0A070-8FB7-4A38-9824-E1DD672DD850}.Release|Mixed Platforms.Build.0 = Release|Any CPU
		{F3F0A070-8FB7-4A38-9824-E1DD672DD850}.Release|x86.ActiveCfg = Release|Any CPU
		{336AE8C6-5E8A-461E-A01D-BDBA5EBF9372}.Debug|Any CPU.ActiveCfg = Debug|Any CPU
		{336AE8C6-5E8A-461E-A01D-BDBA5EBF9372}.Debug|Any CPU.Build.0 = Debug|Any CPU
		{336AE8C6-5E8A-461E-A01D-BDBA5EBF9372}.Debug|Mixed Platforms.ActiveCfg = Debug|Any CPU
		{336AE8C6-5E8A-461E-A01D-BDBA5EBF9372}.Debug|Mixed Platforms.Build.0 = Debug|Any CPU
		{336AE8C6-5E8A-461E-A01D-BDBA5EBF9372}.Debug|x86.ActiveCfg = Debug|Any CPU
		{336AE8C6-5E8A-461E-A01D-BDBA5EBF9372}.Debug|x86.Build.0 = Debug|Any CPU
		{336AE8C6-5E8A-461E-A01D-BDBA5EBF9372}.Release|Any CPU.ActiveCfg = Release|Any CPU
		{336AE8C6-5E8A-461E-A01D-BDBA5EBF9372}.Release|Any CPU.Build.0 = Release|Any CPU
		{336AE8C6-5E8A-461E-A01D-BDBA5EBF9372}.Release|Mixed Platforms.ActiveCfg = Release|Any CPU
		{336AE8C6-5E8A-461E-A01D-BDBA5EBF9372}.Release|Mixed Platforms.Build.0 = Release|Any CPU
		{336AE8C6-5E8A-461E-A01D-BDBA5EBF9372}.Release|x86.ActiveCfg = Release|Any CPU
		{336AE8C6-5E8A-461E-A01D-BDBA5EBF9372}.Release|x86.Build.0 = Release|Any CPU
	EndGlobalSection
	GlobalSection(SolutionProperties) = preSolution
		HideSolutionNode = FALSE
	EndGlobalSection
	GlobalSection(NestedProjects) = preSolution
		{CCA6200F-9B7D-4115-B375-AA493F5EF5C7} = {B947B219-FD8A-46F1-A754-7D8E4805B838}
		{F3F0A070-8FB7-4A38-9824-E1DD672DD850} = {B947B219-FD8A-46F1-A754-7D8E4805B838}
	EndGlobalSection
	GlobalSection(ExtensibilityGlobals) = postSolution
		SolutionGuid = {7C8AD318-FCFE-4295-ADC8-8CC8521EF350}
	EndGlobalSection
EndGlobal
